
Microsoft Visual Studio Solution File, Format Version 12.00
# Visual Studio Version 16
VisualStudioVersion = 16.0.29728.190
MinimumVisualStudioVersion = 10.0.40219.1
Project("{FAE04EC0-301F-11D3-BF4B-00C04F79EFBC}") = "Ruanmou.SOA.Project", "Ruanmou.SOA.Project\Ruanmou.SOA.Project.csproj", "{7E2AE15E-6391-46E6-A5ED-39F42B4D592A}"
EndProject
Project("{FAE04EC0-301F-11D3-BF4B-00C04F79EFBC}") = "Ruanmou.SOA.Web", "Ruanmou.SOA.Web\Ruanmou.SOA.Web.csproj", "{1A8EBE2B-4E8F-4036-A622-4E96C0B13279}"
EndProject
Project("{FAE04EC0-301F-11D3-BF4B-00C04F79EFBC}") = "Cyf.SOA.Web", "Cyf.SOA.Web\Cyf.SOA.Web.csproj", "{B7B559DD-CD48-47F1-941A-C0E9410702EE}"
EndProject
Global
	GlobalSection(SolutionConfigurationPlatforms) = preSolution
		Debug|Any CPU = Debug|Any CPU
		Release|Any CPU = Release|Any CPU
	EndGlobalSection
	GlobalSection(ProjectConfigurationPlatforms) = postSolution
		{7E2AE15E-6391-46E6-A5ED-39F42B4D592A}.Debug|Any CPU.ActiveCfg = Debug|Any CPU
		{7E2AE15E-6391-46E6-A5ED-39F42B4D592A}.Debug|Any CPU.Build.0 = Debug|Any CPU
		{7E2AE15E-6391-46E6-A5ED-39F42B4D592A}.Release|Any CPU.ActiveCfg = Release|Any CPU
		{7E2AE15E-6391-46E6-A5ED-39F42B4D592A}.Release|Any CPU.Build.0 = Release|Any CPU
		{1A8EBE2B-4E8F-4036-A622-4E96C0B13279}.Debug|Any CPU.ActiveCfg = Debug|Any CPU
		{1A8EBE2B-4E8F-4036-A622-4E96C0B13279}.Debug|Any CPU.Build.0 = Debug|Any CPU
		{1A8EBE2B-4E8F-4036-A622-4E96C0B13279}.Release|Any CPU.ActiveCfg = Release|Any CPU
		{1A8EBE2B-4E8F-4036-A622-4E96C0B13279}.Release|Any CPU.Build.0 = Release|Any CPU
		{B7B559DD-CD48-47F1-941A-C0E9410702EE}.Debug|Any CPU.ActiveCfg = Debug|Any CPU
		{B7B559DD-CD48-47F1-941A-C0E9410702EE}.Debug|Any CPU.Build.0 = Debug|Any CPU
		{B7B559DD-CD48-47F1-941A-C0E9410702EE}.Release|Any CPU.ActiveCfg = Release|Any CPU
		{B7B559DD-CD48-47F1-941A-C0E9410702EE}.Release|Any CPU.Build.0 = Release|Any CPU
	EndGlobalSection
	GlobalSection(SolutionProperties) = preSolution
		HideSolutionNode = FALSE
	EndGlobalSection
	GlobalSection(ExtensibilityGlobals) = postSolution
		SolutionGuid = {CE31EF80-8967-45BA-B3C4-34A8ADFDF205}
	EndGlobalSection
EndGlobal
